
Microsoft Visual Studio Solution File, Format Version 12.00
# Visual Studio 15
VisualStudioVersion = 15.0.27428.2037
MinimumVisualStudioVersion = 10.0.40219.1
Project("{FAE04EC0-301F-11D3-BF4B-00C04F79EFBC}") = "Sender", "Sender\Sender.csproj", "{DDD88EAD-AAAB-4811-ABAF-404F19FF663F}"
EndProject
Project("{FAE04EC0-301F-11D3-BF4B-00C04F79EFBC}") = "Receiver", "Receiver\Receiver.csproj", "{4A92B9EC-F046-473B-BF2C-326DF675F1DE}"
EndProject
Project("{FAE04EC0-301F-11D3-BF4B-00C04F79EFBC}") = "RabbitMQ.Retries", "RabbitMQ.Retries\RabbitMQ.Retries.csproj", "{5108BD37-474B-4B58-9E2A-866959F037EC}"
EndProject
Global
	GlobalSection(SolutionConfigurationPlatforms) = preSolution
		Debug|Any CPU = Debug|Any CPU
		Release|Any CPU = Release|Any CPU
	EndGlobalSection
	GlobalSection(ProjectConfigurationPlatforms) = postSolution
		{DDD88EAD-AAAB-4811-ABAF-404F19FF663F}.Debug|Any CPU.ActiveCfg = Debug|Any CPU
		{DDD88EAD-AAAB-4811-ABAF-404F19FF663F}.Debug|Any CPU.Build.0 = Debug|Any CPU
		{DDD88EAD-AAAB-4811-ABAF-404F19FF663F}.Release|Any CPU.ActiveCfg = Release|Any CPU
		{DDD88EAD-AAAB-4811-ABAF-404F19FF663F}.Release|Any CPU.Build.0 = Release|Any CPU
		{4A92B9EC-F046-473B-BF2C-326DF675F1DE}.Debug|Any CPU.ActiveCfg = Debug|Any CPU
		{4A92B9EC-F046-473B-BF2C-326DF675F1DE}.Debug|Any CPU.Build.0 = Debug|Any CPU
		{4A92B9EC-F046-473B-BF2C-326DF675F1DE}.Release|Any CPU.ActiveCfg = Release|Any CPU
		{4A92B9EC-F046-473B-BF2C-326DF675F1DE}.Release|Any CPU.Build.0 = Release|Any CPU
		{5108BD37-474B-4B58-9E2A-866959F037EC}.Debug|Any CPU.ActiveCfg = Debug|Any CPU
		{5108BD37-474B-4B58-9E2A-866959F037EC}.Debug|Any CPU.Build.0 = Debug|Any CPU
		{5108BD37-474B-4B58-9E2A-866959F037EC}.Release|Any CPU.ActiveCfg = Release|Any CPU
		{5108BD37-474B-4B58-9E2A-866959F037EC}.Release|Any CPU.Build.0 = Release|Any CPU
	EndGlobalSection
	GlobalSection(SolutionProperties) = preSolution
		HideSolutionNode = FALSE
	EndGlobalSection
	GlobalSection(ExtensibilityGlobals) = postSolution
		SolutionGuid = {3641C44E-B4D3-414C-902E-2F23EC25794E}
	EndGlobalSection
EndGlobal
